
Microsoft Visual Studio Solution File, Format Version 12.00
# Visual Studio Version 17
VisualStudioVersion = 17.5.33516.290
MinimumVisualStudioVersion = 10.0.40219.1
Project("{FAE04EC0-301F-11D3-BF4B-00C04F79EFBC}") = "TicketsForMovies", "TicketsForMovies\TicketsForMovies.csproj", "{E839AB94-932E-4043-ADEB-E9F1BF5D7EEF}"
EndProject
Global
	GlobalSection(SolutionConfigurationPlatforms) = preSolution
		Debug|Any CPU = Debug|Any CPU
		Release|Any CPU = Release|Any CPU
	EndGlobalSection
	GlobalSection(ProjectConfigurationPlatforms) = postSolution
		{E839AB94-932E-4043-ADEB-E9F1BF5D7EEF}.Debug|Any CPU.ActiveCfg = Debug|Any CPU
		{E839AB94-932E-4043-ADEB-E9F1BF5D7EEF}.Debug|Any CPU.Build.0 = Debug|Any CPU
		{E839AB94-932E-4043-ADEB-E9F1BF5D7EEF}.Release|Any CPU.ActiveCfg = Release|Any CPU
		{E839AB94-932E-4043-ADEB-E9F1BF5D7EEF}.Release|Any CPU.Build.0 = Release|Any CPU
	EndGlobalSection
	GlobalSection(SolutionProperties) = preSolution
		HideSolutionNode = FALSE
	EndGlobalSection
	GlobalSection(ExtensibilityGlobals) = postSolution
		SolutionGuid = {579C0E50-621B-422B-AA89-36AFA07C6710}
	EndGlobalSection
EndGlobal
